# Experiment artifact lock: CPython 3.12, Linux x86_64, CUDA 12.6.
# This is not the Windows application deployment environment.
# Install in a dedicated environment with pip --require-hashes -r this-file.

# beat-this==1.1.0
beat-this @ https://files.pythonhosted.org/packages/ce/0e/e23cbbe6e3efcd54e84dec22b6d88954655036a993cc3843ab741bc24de4/beat_this-1.1.0-py3-none-any.whl --hash=sha256:3f2b2d1e027c6dac380bf80c71555e3c28a4036a7f1af20129a945915a72a645
# cffi==2.1.1
cffi @ https://files.pythonhosted.org/packages/b1/db/dceb9dd5b231e1da801793f8acc9f3c52a7e1afe40bb1aae37e02b0faad5/cffi-2.1.1-cp312-cp312-manylinux2014_x86_64.manylinux_2_17_x86_64.whl --hash=sha256:c1453022f490d2459a11819d83ad1d586e9ff65a12ac3e705ffebd46d3685dcf
# contourpy==1.4.0
contourpy @ https://files.pythonhosted.org/packages/78/f9/b6831508960d559581c448532ba4df312217072975486dbf2b24fcc5b76f/contourpy-1.4.0-cp312-cp312-manylinux_2_27_x86_64.manylinux_2_28_x86_64.whl --hash=sha256:875f42444c9cf48d56f724f2637e60d0f73b3b12c9041e1484580a233edf9591
# cuda-bindings==12.9.7
cuda-bindings @ https://files.pythonhosted.org/packages/91/97/e3c6e58ece26a053419ba0a18444b5443cfc64451bbf37f84e8143b8bdca/cuda_bindings-12.9.7-cp312-cp312-manylinux_2_24_x86_64.manylinux_2_28_x86_64.whl --hash=sha256:4c7ef48c5e13ae90f3b2ecfb72f8e99ac43c8f4c43e67e1325b8aae331453687
# cuda-pathfinder==1.6.0
cuda-pathfinder @ https://files.pythonhosted.org/packages/fc/b4/d088047afe39827556df21118cac9ffd20cc3f968c99a7681494d1eb333c/cuda_pathfinder-1.6.0-py3-none-any.whl --hash=sha256:1503af579d8379c24bdd65528379bc57039b0455be9f5f9686cf8e473a1fce51
# cuda-toolkit==12.6.3
cuda-toolkit @ https://pypi.nvidia.com/cuda-toolkit/cuda_toolkit-12.6.3-py2.py3-none-any.whl --hash=sha256:79d8605baeb6c2f695761e0efb54bc62dbc3c9e32eb0742df7669c07befaa8f7
# cycler==0.12.1
cycler @ https://files.pythonhosted.org/packages/e7/05/c19819d5e3d95294a6f5947fb9b9629efb316b96de511b418c53d245aae6/cycler-0.12.1-py3-none-any.whl --hash=sha256:85cef7cff222d8644161529808465972e51340599459b8ac3ccbac5a854e0d30
# einops==0.8.2
einops @ https://files.pythonhosted.org/packages/2a/09/f8d8f8f31e4483c10a906437b4ce31bdf3d6d417b73fe33f1a8b59e34228/einops-0.8.2-py3-none-any.whl --hash=sha256:54058201ac7087911181bfec4af6091bb59380360f069276601256a76af08193
# filelock==3.32.3
filelock @ https://files.pythonhosted.org/packages/a7/8e/50f46a9c0ce8d2861a394c1347caae037ea0431d2f67d7feb151cbc4649a/filelock-3.32.3-py3-none-any.whl --hash=sha256:7f0ca4bcc0e181c60dbbd8aa9ab5b120ebb99e4e064e83636340056f833a1f09
# fonttools==4.65.0
fonttools @ https://files.pythonhosted.org/packages/b5/09/de2c0c20a42c18e565a2617932beb08c06697bbdd0d3f62b108262e11583/fonttools-4.65.0-cp312-cp312-manylinux2014_x86_64.manylinux_2_17_x86_64.whl --hash=sha256:05595385ae99f4b9626cebb973bf171b8fe38a8f40708e6e42abba0ed7537778
# fsspec==2026.7.0
fsspec @ https://files.pythonhosted.org/packages/fd/3c/6a2bf344106328fd04963664a60b9bb6496fc25df8e962fcdc1367285fb9/fsspec-2026.7.0-py3-none-any.whl --hash=sha256:b57ddbafedfaef7018c1ecab32aa200a9d7ca26b77965f64e48b70061249d279
# jinja2==3.1.6
jinja2 @ https://download.pytorch.org/whl/jinja2-3.1.6-py3-none-any.whl --hash=sha256:85ece4451f492d0c13c5dd7c13a64681a86afae63a5f347908daf103ce6d2f67
# kiwisolver==1.5.1
kiwisolver @ https://files.pythonhosted.org/packages/fc/f4/dadfec469313c7f428efa7e84b4aba9732f813c13ea7131a24b7b008ef57/kiwisolver-1.5.1-cp312-cp312-manylinux2014_x86_64.manylinux_2_17_x86_64.whl --hash=sha256:34633ecf50d16187ab8e5528b7a2530f2feb4e23f300db4672538b51cfc5cd38
# markupsafe==3.0.3
markupsafe @ https://download.pytorch.org/whl/markupsafe-3.0.3-cp312-cp312-manylinux2014_x86_64.manylinux_2_17_x86_64.manylinux_2_28_x86_64.whl --hash=sha256:d6dd0be5b5b189d31db7cda48b91d7e0a9795f31430b7f271219ab30f1d3ac9d
# matplotlib==3.11.2
matplotlib @ https://files.pythonhosted.org/packages/b8/90/2b3fd67ee273163faeda6d514be70b5596eaa0fd77b60ffc294ad0b34f5f/matplotlib-3.11.2-cp312-cp312-manylinux2014_x86_64.manylinux_2_17_x86_64.whl --hash=sha256:df4f7784aca81a94f254c0a2767d592ee25f407e488f5fa7203e51093fb6ca27
# mpmath==1.3.0
mpmath @ https://files.pythonhosted.org/packages/43/e3/7d92a15f894aa0c9c4b49b8ee9ac9850d6e63b03c9c32c0367a13ae62209/mpmath-1.3.0-py3-none-any.whl --hash=sha256:a0b2b9fe80bbcd81a6647ff13108738cfb482d481d826cc0e02f5b35e5c88d2c
# networkx==3.6.1
networkx @ https://files.pythonhosted.org/packages/9e/c9/b2622292ea83fbb4ec318f5b9ab867d0a28ab43c5717bb85b0a5f6b3b0a4/networkx-3.6.1-py3-none-any.whl --hash=sha256:d47fbf302e7d9cbbb9e2555a0d267983d2aa476bac30e90dfbe5669bd57f3762
# numpy==2.5.3
numpy @ https://files.pythonhosted.org/packages/65/af/aa78d1a88805456e212b65461354cd943197fb9acecc4c90fd12295123a3/numpy-2.5.3-cp312-cp312-manylinux_2_27_x86_64.manylinux_2_28_x86_64.whl --hash=sha256:b7e18c623bb5c95acb3b3328861272816ba199fb531921c5d6d0b675f1fde9e3
# nvidia-cublas-cu12==12.6.4.1
nvidia-cublas-cu12 @ https://pypi.nvidia.com/nvidia-cublas-cu12/nvidia_cublas_cu12-12.6.4.1-py3-none-manylinux2014_x86_64.manylinux_2_17_x86_64.whl --hash=sha256:08ed2686e9875d01b58e3cb379c6896df8e76c75e0d4a7f7dace3d7b6d9ef8eb
# nvidia-cuda-cupti-cu12==12.6.80
nvidia-cuda-cupti-cu12 @ https://pypi.nvidia.com/nvidia-cuda-cupti-cu12/nvidia_cuda_cupti_cu12-12.6.80-py3-none-manylinux2014_x86_64.manylinux_2_17_x86_64.whl --hash=sha256:6768bad6cab4f19e8292125e5f1ac8aa7d1718704012a0e3272a6f61c4bce132
# nvidia-cuda-nvrtc-cu12==12.6.85
nvidia-cuda-nvrtc-cu12 @ https://pypi.nvidia.com/nvidia-cuda-nvrtc-cu12/nvidia_cuda_nvrtc_cu12-12.6.85-py3-none-manylinux2010_x86_64.manylinux_2_12_x86_64.whl --hash=sha256:800927308ccc5dd6246d3f61f7fcef2ed7ec4e59e199090d360d3293f78bd5a2
# nvidia-cuda-runtime-cu12==12.6.77
nvidia-cuda-runtime-cu12 @ https://pypi.nvidia.com/nvidia-cuda-runtime-cu12/nvidia_cuda_runtime_cu12-12.6.77-py3-none-manylinux2014_x86_64.manylinux_2_17_x86_64.whl --hash=sha256:ba3b56a4f896141e25e19ab287cd71e52a6a0f4b29d0d31609f60e3b4d5219b7
# nvidia-cudnn-cu12==9.10.2.21
nvidia-cudnn-cu12 @ https://pypi.nvidia.com/nvidia-cudnn-cu12/nvidia_cudnn_cu12-9.10.2.21-py3-none-manylinux_2_27_x86_64.whl --hash=sha256:949452be657fa16687d0930933f032835951ef0892b37d2d53824d1a84dc97a8
# nvidia-cufft-cu12==11.3.0.4
nvidia-cufft-cu12 @ https://pypi.nvidia.com/nvidia-cufft-cu12/nvidia_cufft_cu12-11.3.0.4-py3-none-manylinux2014_x86_64.manylinux_2_17_x86_64.whl --hash=sha256:ccba62eb9cef5559abd5e0d54ceed2d9934030f51163df018532142a8ec533e5
# nvidia-cufile-cu12==1.11.1.6
nvidia-cufile-cu12 @ https://pypi.nvidia.com/nvidia-cufile-cu12/nvidia_cufile_cu12-1.11.1.6-py3-none-manylinux2014_x86_64.manylinux_2_17_x86_64.whl --hash=sha256:cc23469d1c7e52ce6c1d55253273d32c565dd22068647f3aa59b3c6b005bf159
# nvidia-curand-cu12==10.3.7.77
nvidia-curand-cu12 @ https://pypi.nvidia.com/nvidia-curand-cu12/nvidia_curand_cu12-10.3.7.77-py3-none-manylinux2014_x86_64.manylinux_2_17_x86_64.whl --hash=sha256:a42cd1344297f70b9e39a1e4f467a4e1c10f1da54ff7a85c12197f6c652c8bdf
# nvidia-cusolver-cu12==11.7.1.2
nvidia-cusolver-cu12 @ https://pypi.nvidia.com/nvidia-cusolver-cu12/nvidia_cusolver_cu12-11.7.1.2-py3-none-manylinux2014_x86_64.manylinux_2_17_x86_64.whl --hash=sha256:e9e49843a7707e42022babb9bcfa33c29857a93b88020c4e4434656a655b698c
# nvidia-cusparse-cu12==12.5.4.2
nvidia-cusparse-cu12 @ https://pypi.nvidia.com/nvidia-cusparse-cu12/nvidia_cusparse_cu12-12.5.4.2-py3-none-manylinux2014_x86_64.manylinux_2_17_x86_64.whl --hash=sha256:7556d9eca156e18184b94947ade0fba5bb47d69cec46bf8660fd2c71a4b48b73
# nvidia-cusparselt-cu12==0.7.1
nvidia-cusparselt-cu12 @ https://pypi.nvidia.com/nvidia-cusparselt-cu12/nvidia_cusparselt_cu12-0.7.1-py3-none-manylinux2014_x86_64.whl --hash=sha256:f1bb701d6b930d5a7cea44c19ceb973311500847f81b634d802b7b539dc55623
# nvidia-nccl-cu12==2.28.9
nvidia-nccl-cu12 @ https://pypi.nvidia.com/nvidia-nccl-cu12/nvidia_nccl_cu12-2.28.9-py3-none-manylinux_2_18_x86_64.whl --hash=sha256:485776daa8447da5da39681af455aa3b2c2586ddcf4af8772495e7c532c7e5ab
# nvidia-nvjitlink-cu12==12.6.85
nvidia-nvjitlink-cu12 @ https://pypi.nvidia.com/nvidia-nvjitlink-cu12/nvidia_nvjitlink_cu12-12.6.85-py3-none-manylinux2010_x86_64.manylinux_2_12_x86_64.whl --hash=sha256:eedc36df9e88b682efe4309aa16b5b4e78c2407eac59e8c10a6a47535164369a
# nvidia-nvshmem-cu12==3.4.5
nvidia-nvshmem-cu12 @ https://pypi.nvidia.com/nvidia-nvshmem-cu12/nvidia_nvshmem_cu12-3.4.5-py3-none-manylinux2014_x86_64.manylinux_2_17_x86_64.whl --hash=sha256:042f2500f24c021db8a06c5eec2539027d57460e1c1a762055a6554f72c369bd
# nvidia-nvtx-cu12==12.6.77
nvidia-nvtx-cu12 @ https://pypi.nvidia.com/nvidia-nvtx-cu12/nvidia_nvtx_cu12-12.6.77-py3-none-manylinux2014_x86_64.manylinux_2_17_x86_64.whl --hash=sha256:b90bed3df379fa79afbd21be8e04a0314336b8ae16768b58f2d34cb1d04cd7d2
# packaging==26.3
packaging @ https://files.pythonhosted.org/packages/63/34/ba1c580383c9eada3711951fef0795c80b829a078d72188184bcab9dd527/packaging-26.3-py3-none-any.whl --hash=sha256:d7193f7c8e4e93f444fde0262bf90af30e16fa0ad0ad44cb553c87339b23cd1c
# pillow==12.3.0
pillow @ https://files.pythonhosted.org/packages/84/21/a35af28dcc61f37ed850a2d64c65c701321dfbf25085e469d5559360cbbf/pillow-12.3.0-cp312-cp312-manylinux_2_27_x86_64.manylinux_2_28_x86_64.whl --hash=sha256:78cb2c6865a35ab8ff8b75fd122f6033b92a62c82801110e48ddd6c936a45d91
# pycparser==3.0
pycparser @ https://files.pythonhosted.org/packages/0c/c3/44f3fbbfa403ea2a7c779186dc20772604442dde72947e7d01069cbe98e3/pycparser-3.0-py3-none-any.whl --hash=sha256:b727414169a36b7d524c1c3e31839a521725078d7b2ff038656844266160a992
# pyparsing==3.3.2
pyparsing @ https://files.pythonhosted.org/packages/10/bd/c038d7cc38edc1aa5bf91ab8068b63d4308c66c4c8bb3cbba7dfbc049f9c/pyparsing-3.3.2-py3-none-any.whl --hash=sha256:850ba148bd908d7e2411587e247a1e4f0327839c40e2e5e6d05a007ecc69911d
# python-dateutil==2.9.0.post0
python-dateutil @ https://files.pythonhosted.org/packages/ec/57/56b9bcc3c9c6a792fcbaf139543cee77261f3651ca9da0c93f5c1221264b/python_dateutil-2.9.0.post0-py2.py3-none-any.whl --hash=sha256:a8b2bc7bffae282281c8140a97d3aa9c14da0b136dfe83f850eea9a5f7470427
# rotary-embedding-torch==0.9.1
rotary-embedding-torch @ https://files.pythonhosted.org/packages/ea/63/ca681366df98d207876c6ad7761ef6910668c83ec766fd5a70c56b9c3567/rotary_embedding_torch-0.9.1-py3-none-any.whl --hash=sha256:489ef53e21ab4c4eb35c0c97b551d724f5eea71c2bca39acb8fee8d88b142a76
# setuptools==78.1.0
setuptools @ https://download.pytorch.org/whl/setuptools-78.1.0-py3-none-any.whl --hash=sha256:3e386e96793c8702ae83d17b853fb93d3e09ef82ec62722e61da5cd22376dcd8
# six==1.17.0
six @ https://files.pythonhosted.org/packages/b7/ce/149a00dd41f10bc29e5921b496af8b574d8413afcd5e30dfa0ed46c2cc5e/six-1.17.0-py2.py3-none-any.whl --hash=sha256:4721f391ed90541fddacab5acf947aa0d3dc7d27b2e1e8eda2be8970586c3274
# soundfile==0.14.0
soundfile @ https://files.pythonhosted.org/packages/7b/a2/70fd4432b924684c372df8b0a45708c36c057ef3596c9eb53e0a806b980b/soundfile-0.14.0-py2.py3-none-manylinux_2_28_x86_64.whl --hash=sha256:1e38bac1853412871318e82a1ba69a8be677619b56025bbfcccdb41b6cafe82d
# soxr==1.1.0
soxr @ https://files.pythonhosted.org/packages/5c/f1/0e55195893228609c9a08c3b13b7a83a46c3a992cd00d3304f0f320cfb07/soxr-1.1.0-cp312-abi3-manylinux_2_27_x86_64.manylinux_2_28_x86_64.whl --hash=sha256:3b033078e86f3c4a658e5697fac8995764fad9e799563616b630136b613167f1
# sympy==1.14.0
sympy @ https://files.pythonhosted.org/packages/a2/09/77d55d46fd61b4a135c444fc97158ef34a095e5681d0a6c10b75bf356191/sympy-1.14.0-py3-none-any.whl --hash=sha256:e091cc3e99d2141a0ba2847328f5479b05d94a6635cb96148ccb3f34671bd8f5
# torch==2.11.0+cu126
torch @ https://download-r2.pytorch.org/whl/cu126/torch-2.11.0%2Bcu126-cp312-cp312-manylinux_2_28_x86_64.whl --hash=sha256:9235c0c2f5032d1f8af75dd97493f3ad12aaedf81c0f3fab2d13c1d90bc54ff9
# torchaudio==2.11.0+cu126
torchaudio @ https://download-r2.pytorch.org/whl/cu126/torchaudio-2.11.0%2Bcu126-cp312-cp312-manylinux_2_28_x86_64.whl --hash=sha256:fe8ba48c690cacc58087603c4d853580006e3d1c0ebe22c0d75f99a004bc981a
# triton==3.6.0
triton @ https://download-r2.pytorch.org/whl/triton-3.6.0-cp312-cp312-manylinux_2_27_x86_64.manylinux_2_28_x86_64.whl --hash=sha256:6f5928e6d44c34a97bbe164cceddc0ef2007121c89ebcfba5415cf452de7ee9f
# typing-extensions==4.16.0
typing-extensions @ https://files.pythonhosted.org/packages/49/d3/b8441a820a491ddfc024b0b0cf0393375b75ea13866d9c66727e54c2fc80/typing_extensions-4.16.0-py3-none-any.whl --hash=sha256:481caa481374e813c1b176ada14e97f1f67a4539ce9cfeb3f350d78d6370c2e8
